
Microsoft Visual Studio Solution File, Format Version 12.00
# Visual Studio Version 16
VisualStudioVersion = 16.0.30320.27
MinimumVisualStudioVersion = 10.0.40219.1
Project("{FAE04EC0-301F-11D3-BF4B-00C04F79EFBC}") = "acilsat_RB", "acilsat_RB.csproj", "{9D079848-CE52-4EE3-B841-062903E09C03}"
EndProject
Global
	GlobalSection(SolutionConfigurationPlatforms) = preSolution
		Debug|Any CPU = Debug|Any CPU
		Release|Any CPU = Release|Any CPU
	EndGlobalSection
	GlobalSection(ProjectConfigurationPlatforms) = postSolution
		{9D079848-CE52-4EE3-B841-062903E09C03}.Debug|Any CPU.ActiveCfg = Debug|Any CPU
		{9D079848-CE52-4EE3-B841-062903E09C03}.Debug|Any CPU.Build.0 = Debug|Any CPU
		{9D079848-CE52-4EE3-B841-062903E09C03}.Release|Any CPU.ActiveCfg = Release|Any CPU
		{9D079848-CE52-4EE3-B841-062903E09C03}.Release|Any CPU.Build.0 = Release|Any CPU
	EndGlobalSection
	GlobalSection(SolutionProperties) = preSolution
		HideSolutionNode = FALSE
	EndGlobalSection
	GlobalSection(ExtensibilityGlobals) = postSolution
		SolutionGuid = {F08D51D9-BA9D-4987-BADE-C174ECB71450}
	EndGlobalSection
EndGlobal
